{
    "_meta": {
        "hash": {
            "sha256": "610c09e96bc3418a32db8f63c4f6305940abf98a02a431465199784765755f39"
        },
        "pipfile-spec": 6,
        "requires": {
            "python_version": "3.11"
        },
        "sources": [
            {
                "name": "pypi",
                "url": "https://pypi.org/simple",
                "verify_ssl": true
            }
        ]
    },
    "default": {
        "python-utils": {
            "hashes": [
                "sha256:22990259324eae88faa3389d302861a825dbdd217ab40e3ec701851b3337d592",
                "sha256:7e329c427a6d23036cfcc4501638afb31b2ddc8896f25393562833874b8c6e0a"
            ],
            "index": "pypi",
            "version": "==3.4.5"
        }
    },
    "develop": {}
}
